// !$*UTF8*$!
{
	archiveVersion = 1;
	classes = {
	};
	objectVersion = 50;
	objects = {

/* Begin PBXBuildFile section */
		A52264EC2586ADE000C801CA /* AppDelegate.swift in Sources */ = {isa = PBXBuildFile; fileRef = A52264EB2586ADE000C801CA /* AppDelegate.swift */; };
		A52264EE2586ADE000C801CA /* SceneDelegate.swift in Sources */ = {isa = PBXBuildFile; fileRef = A52264ED2586ADE000C801CA /* SceneDelegate.swift */; };
		A52264F32586ADE000C801CA /* Main.storyboard in Resources */ = {isa = PBXBuildFile; fileRef = A52264F12586ADE000C801CA /* Main.storyboard */; };
		A52264F52586ADE300C801CA /* Assets.xcassets in Resources */ = {isa = PBXBuildFile; fileRef = A52264F42586ADE300C801CA /* Assets.xcassets */; };
		A52264F82586ADE300C801CA /* LaunchScreen.storyboard in Resources */ = {isa = PBXBuildFile; fileRef = A52264F62586ADE300C801CA /* LaunchScreen.storyboard */; };
		A52265022586B23100C801CA /* paintMeVC.swift in Sources */ = {isa = PBXBuildFile; fileRef = A52265012586B23100C801CA /* paintMeVC.swift */; };
/* End PBXBuildFile section */

/* Begin PBXFileReference section */
		A52264E82586ADE000C801CA /* paintme.app */ = {isa = PBXFileReference; explicitFileType = wrapper.application; includeInIndex = 0; path = paintme.app; sourceTree = BUILT_PRODUCTS_DIR; };
		A52264EB2586ADE000C801CA /* AppDelegate.swift */ = {isa = PBXFileReference; lastKnownFileType = sourcecode.swift; path = AppDelegate.swift; sourceTree = "<group>"; };
		A52264ED2586ADE000C801CA /* SceneDelegate.swift */ = {isa = PBXFileReference; lastKnownFileType = sourcecode.swift; path = SceneDelegate.swift; sourceTree = "<group>"; };
		A52264F22586ADE000C801CA /* Base */ = {isa = PBXFileReference; lastKnownFileType = file.storyboard; name = Base; path = Base.lproj/Main.storyboard; sourceTree = "<group>"; };
		A52264F42586ADE300C801CA /* Assets.xcassets */ = {isa = PBXFileReference; lastKnownFileType = folder.assetcatalog; path = Assets.xcassets; sourceTree = "<group>"; };
		A52264F72586ADE300C801CA /* Base */ = {isa = PBXFileReference; lastKnownFileType = file.storyboard; name = Base; path = Base.lproj/LaunchScreen.storyboard; sourceTree = "<group>"; };
		A52264F92586ADE300C801CA /* Info.plist */ = {isa = PBXFileReference; lastKnownFileType = text.plist.xml; path = Info.plist; sourceTree = "<group>"; };
		A52265012586B23100C801CA /* paintMeVC.swift */ = {isa = PBXFileReference; lastKnownFileType = sourcecode.swift; path = paintMeVC.swift; sourceTree = "<group>"; };
/* End PBXFileReference section */

/* Begin PBXFrameworksBuildPhase section */
		A52264E52586ADE000C801CA /* Frameworks */ = {
			isa = PBXFrameworksBuildPhase;
			buildActionMask = 2147483647;
			files = (
			);
			runOnlyForDeploymentPostprocessing = 0;
		};
/* End PBXFrameworksBuildPhase section */

/* Begin PBXGroup section */
		A52264DF2586ADE000C801CA = {
			isa = PBXGroup;
			children = (
				A52265012586B23100C801CA /* paintMeVC.swift */,
				A52264EA2586ADE000C801CA /* paintme */,
				A52264E92586ADE000C801CA /* Products */,
			);
			sourceTree = "<group>";
		};
		A52264E92586ADE000C801CA /* Products */ = {
			isa = PBXGroup;
			children = (
				A52264E82586ADE000C801CA /* paintme.app */,
			);
			name = Products;
			sourceTree = "<group>";
		};
		A52264EA2586ADE000C801CA /* paintme */ = {
			isa = PBXGroup;
			children = (
				A52264EB2586ADE000C801CA /* AppDelegate.swift */,
				A52264ED2586ADE000C801CA /* SceneDelegate.swift */,
				A52264F12586ADE000C801CA /* Main.storyboard */,
				A52264F42586ADE300C801CA /* Assets.xcassets */,
				A52264F62586ADE300C801CA /* LaunchScreen.storyboard */,
				A52264F92586ADE300C801CA /* Info.plist */,
			);
			path = paintme;
			sourceTree = "<group>";
		};
/* End PBXGroup section */

/* Begin PBXNativeTarget section */
		A52264E72586ADE000C801CA /* paintme */ = {
			isa = PBXNativeTarget;
			buildConfigurationList = A52264FC2586ADE300C801CA /* Build configuration list for PBXNativeTarget "paintme" */;
			buildPhases = (
				A52264E42586ADE000C801CA /* Sources */,
				A52264E52586ADE000C801CA /* Frameworks */,
				A52264E62586ADE000C801CA /* Resources */,
			);
			buildRules = (
			);
			dependencies = (
			);
			name = paintme;
			productName = paintme;
			productReference = A52264E82586ADE000C801CA /* paintme.app */;
			productType = "com.apple.product-type.application";
		};
/* End PBXNativeTarget section */

/* Begin PBXProject section */
		A52264E02586ADE000C801CA /* Project object */ = {
			isa = PBXProject;
			attributes = {
				LastSwiftUpdateCheck = 1220;
				LastUpgradeCheck = 1220;
				TargetAttributes = {
					A52264E72586ADE000C801CA = {
						CreatedOnToolsVersion = 12.2;
					};
				};
			};
			buildConfigurationList = A52264E32586ADE000C801CA /* Build configuration list for PBXProject "paintme" */;
			compatibilityVersion = "Xcode 9.3";
			developmentRegion = en;
			hasScannedForEncodings = 0;
			knownRegions = (
				en,
				Base,
			);
			mainGroup = A52264DF2586ADE000C801CA;
			productRefGroup = A52264E92586ADE000C801CA /* Products */;
			projectDirPath = "";
			projectRoot = "";
			targets = (
				A52264E72586ADE000C801CA /* paintme */,
			);
		};
/* End PBXProject section */

/* Begin PBXResourcesBuildPhase section */
		A52264E62586ADE000C801CA /* Resources */ = {
			isa = PBXResourcesBuildPhase;
			buildActionMask = 2147483647;
			files = (
				A52264F82586ADE300C801CA /* LaunchScreen.storyboard in Resources */,
				A52264F52586ADE300C801CA /* Assets.xcassets in Resources */,
				A52264F32586ADE000C801CA /* Main.storyboard in Resources */,
			);
			runOnlyForDeploymentPostprocessing = 0;
		};
/* End PBXResourcesBuildPhase section */

/* Begin PBXSourcesBuildPhase section */
		A52264E42586ADE000C801CA /* Sources */ = {
			isa = PBXSourcesBuildPhase;
			buildActionMask = 2147483647;
			files = (
				A52264EC2586ADE000C801CA /* AppDelegate.swift in Sources */,
				A52265022586B23100C801CA /* paintMeVC.swift in Sources */,
				A52264EE2586ADE000C801CA /* SceneDelegate.swift in Sources */,
			);
			runOnlyForDeploymentPostprocessing = 0;
		};
/* End PBXSourcesBuildPhase section */

/* Begin PBXVariantGroup section */
		A52264F12586ADE000C801CA /* Main.storyboard */ = {
			isa = PBXVariantGroup;
			children = (
				A52264F22586ADE000C801CA /* Base */,
			);
			name = Main.storyboard;
			sourceTree = "<group>";
		};
		A52264F62586ADE300C801CA /* LaunchScreen.storyboard */ = {
			isa = PBXVariantGroup;
			children = (
				A52264F72586ADE300C801CA /* Base */,
			);
			name = LaunchScreen.storyboard;
			sourceTree = "<group>";
		};
/* End PBXVariantGroup section */

/* Begin XCBuildConfiguration section */
		A52264FA2586ADE300C801CA /* Debug */ = {
			isa = XCBuildConfiguration;
			buildSettings = {
				ALWAYS_SEARCH_USER_PATHS = NO;
				CLANG_ANALYZER_NONNULL = YES;
				CLANG_ANALYZER_NUMBER_OBJECT_CONVERSION = YES_AGGRESSIVE;
				CLANG_CXX_LANGUAGE_STANDARD = "gnu++14";
				CLANG_CXX_LIBRARY = "libc++";
				CLANG_ENABLE_MODULES = YES;
				CLANG_ENABLE_OBJC_ARC = YES;
				CLANG_ENABLE_OBJC_WEAK = YES;
				CLANG_WARN_BLOCK_CAPTURE_AUTORELEASING = YES;
				CLANG_WARN_BOOL_CONVERSION = YES;
				CLANG_WARN_COMMA = YES;
				CLANG_WARN_CONSTANT_CONVERSION = YES;
				CLANG_WARN_DEPRECATED_OBJC_IMPLEMENTATIONS = YES;
				CLANG_WARN_DIRECT_OBJC_ISA_USAGE = YES_ERROR;
				CLANG_WARN_DOCUMENTATION_COMMENTS = YES;
				CLANG_WARN_EMPTY_BODY = YES;
				CLANG_WARN_ENUM_CONVERSION = YES;
				CLANG_WARN_INFINITE_RECURSION = YES;
				CLANG_WARN_INT_CONVERSION = YES;
				CLANG_WARN_NON_LITERAL_NULL_CONVERSION = YES;
				CLANG_WARN_OBJC_IMPLICIT_RETAIN_SELF = YES;
				CLANG_WARN_OBJC_LITERAL_CONVERSION = YES;
				CLANG_WARN_OBJC_ROOT_CLASS = YES_ERROR;
				CLANG_WARN_QUOTED_INCLUDE_IN_FRAMEWORK_HEADER = YES;
				CLANG_WARN_RANGE_LOOP_ANALYSIS = YES;
				CLANG_WARN_STRICT_PROTOTYPES = YES;
				CLANG_WARN_SUSPICIOUS_MOVE = YES;
				CLANG_WARN_UNGUARDED_AVAILABILITY = YES_AGGRESSIVE;
				CLANG_WARN_UNREACHABLE_CODE = YES;
				CLANG_WARN__DUPLICATE_METHOD_MATCH = YES;
				COPY_PHASE_STRIP = NO;
				DEBUG_INFORMATION_FORMAT = dwarf;
				ENABLE_STRICT_OBJC_MSGSEND = YES;
				ENABLE_TESTABILITY = YES;
				GCC_C_LANGUAGE_STANDARD = gnu11;
				GCC_DYNAMIC_NO_PIC = NO;
				GCC_NO_COMMON_BLOCKS = YES;
				GCC_OPTIMIZATION_LEVEL = 0;
				GCC_PREPROCESSOR_DEFINITIONS = (
					"DEBUG=1",
					"$(inherited)",
				);
				GCC_WARN_64_TO_32_BIT_CONVERSION = YES;
				GCC_WARN_ABOUT_RETURN_TYPE = YES_ERROR;
				GCC_WARN_UNDECLARED_SELECTOR = YES;
				GCC_WARN_UNINITIALIZED_AUTOS = YES_AGGRESSIVE;
				GCC_WARN_UNUSED_FUNCTION = YES;
				GCC_WARN_UNUSED_VARIABLE = YES;
				IPHONEOS_DEPLOYMENT_TARGET = 14.2;
				MTL_ENABLE_DEBUG_INFO = INCLUDE_SOURCE;
				MTL_FAST_MATH = YES;
				ONLY_ACTIVE_ARCH = YES;
				SDKROOT = iphoneos;
				SWIFT_ACTIVE_COMPILATION_CONDITIONS = DEBUG;
				SWIFT_OPTIMIZATION_LEVEL = "-Onone";
			};
			name = Debug;
		};
		A52264FB2586ADE300C801CA /* Release */ = {
			isa = XCBuildConfiguration;
			buildSettings = {
				ALWAYS_SEARCH_USER_PATHS = NO;
				CLANG_ANALYZER_NONNULL = YES;
				CLANG_ANALYZER_NUMBER_OBJECT_CONVERSION = YES_AGGRESSIVE;
				CLANG_CXX_LANGUAGE_STANDARD = "gnu++14";
				CLANG_CXX_LIBRARY = "libc++";
				CLANG_ENABLE_MODULES = YES;
				CLANG_ENABLE_OBJC_ARC = YES;
				CLANG_ENABLE_OBJC_WEAK = YES;
				CLANG_WARN_BLOCK_CAPTURE_AUTORELEASING = YES;
				CLANG_WARN_BOOL_CONVERSION = YES;
				CLANG_WARN_COMMA = YES;
				CLANG_WARN_CONSTANT_CONVERSION = YES;
				CLANG_WARN_DEPRECATED_OBJC_IMPLEMENTATIONS = YES;
				CLANG_WARN_DIRECT_OBJC_ISA_USAGE = YES_ERROR;
				CLANG_WARN_DOCUMENTATION_COMMENTS = YES;
				CLANG_WARN_EMPTY_BODY = YES;
				CLANG_WARN_ENUM_CONVERSION = YES;
				CLANG_WARN_INFINITE_RECURSION = YES;
				CLANG_WARN_INT_CONVERSION = YES;
				CLANG_WARN_NON_LITERAL_NULL_CONVERSION = YES;
				CLANG_WARN_OBJC_IMPLICIT_RETAIN_SELF = YES;
				CLANG_WARN_OBJC_LITERAL_CONVERSION = YES;
				CLANG_WARN_OBJC_ROOT_CLASS = YES_ERROR;
				CLANG_WARN_QUOTED_INCLUDE_IN_FRAMEWORK_HEADER = YES;
				CLANG_WARN_RANGE_LOOP_ANALYSIS = YES;
				CLANG_WARN_STRICT_PROTOTYPES = YES;
				CLANG_WARN_SUSPICIOUS_MOVE = YES;
				CLANG_WARN_UNGUARDED_AVAILABILITY = YES_AGGRESSIVE;
				CLANG_WARN_UNREACHABLE_CODE = YES;
				CLANG_WARN__DUPLICATE_METHOD_MATCH = YES;
				COPY_PHASE_STRIP = NO;
				DEBUG_INFORMATION_FORMAT = "dwarf-with-dsym";
				ENABLE_NS_ASSERTIONS = NO;
				ENABLE_STRICT_OBJC_MSGSEND = YES;
				GCC_C_LANGUAGE_STANDARD = gnu11;
				GCC_NO_COMMON_BLOCKS = YES;
				GCC_WARN_64_TO_32_BIT_CONVERSION = YES;
				GCC_WARN_ABOUT_RETURN_TYPE = YES_ERROR;
				GCC_WARN_UNDECLARED_SELECTOR = YES;
				GCC_WARN_UNINITIALIZED_AUTOS = YES_AGGRESSIVE;
				GCC_WARN_UNUSED_FUNCTION = YES;
				GCC_WARN_UNUSED_VARIABLE = YES;
				IPHONEOS_DEPLOYMENT_TARGET = 14.2;
				MTL_ENABLE_DEBUG_INFO = NO;
				MTL_FAST_MATH = YES;
				SDKROOT = iphoneos;
				SWIFT_COMPILATION_MODE = wholemodule;
				SWIFT_OPTIMIZATION_LEVEL = "-O";
				VALIDATE_PRODUCT = YES;
			};
			name = Release;
		};
		A52264FD2586ADE300C801CA /* Debug */ = {
			isa = XCBuildConfiguration;
			buildSettings = {
				ASSETCATALOG_COMPILER_APPICON_NAME = AppIcon;
				ASSETCATALOG_COMPILER_GLOBAL_ACCENT_COLOR_NAME = AccentColor;
				CODE_SIGN_STYLE = Automatic;
				DEVELOPMENT_TEAM = AWUU3Q6NX7;
				INFOPLIST_FILE = paintme/Info.plist;
				IPHONEOS_DEPLOYMENT_TARGET = 13.0;
				LD_RUNPATH_SEARCH_PATHS = (
					"$(inherited)",
					"@executable_path/Frameworks",
				);
				PRODUCT_BUNDLE_IDENTIFIER = mworrel.paintme;
				PRODUCT_NAME = "$(TARGET_NAME)";
				SWIFT_VERSION = 5.0;
				TARGETED_DEVICE_FAMILY = "1,2";
			};
			name = Debug;
		};
		A52264FE2586ADE300C801CA /* Release */ = {
			isa = XCBuildConfiguration;
			buildSettings = {
				ASSETCATALOG_COMPILER_APPICON_NAME = AppIcon;
				ASSETCATALOG_COMPILER_GLOBAL_ACCENT_COLOR_NAME = AccentColor;
				CODE_SIGN_STYLE = Automatic;
				DEVELOPMENT_TEAM = AWUU3Q6NX7;
				INFOPLIST_FILE = paintme/Info.plist;
				IPHONEOS_DEPLOYMENT_TARGET = 13.0;
				LD_RUNPATH_SEARCH_PATHS = (
					"$(inherited)",
					"@executable_path/Frameworks",
				);
				PRODUCT_BUNDLE_IDENTIFIER = mworrel.paintme;
				PRODUCT_NAME = "$(TARGET_NAME)";
				SWIFT_VERSION = 5.0;
				TARGETED_DEVICE_FAMILY = "1,2";
			};
			name = Release;
		};
/* End XCBuildConfiguration section */

/* Begin XCConfigurationList section */
		A52264E32586ADE000C801CA /* Build configuration list for PBXProject "paintme" */ = {
			isa = XCConfigurationList;
			buildConfigurations = (
				A52264FA2586ADE300C801CA /* Debug */,
				A52264FB2586ADE300C801CA /* Release */,
			);
			defaultConfigurationIsVisible = 0;
			defaultConfigurationName = Release;
		};
		A52264FC2586ADE300C801CA /* Build configuration list for PBXNativeTarget "paintme" */ = {
			isa = XCConfigurationList;
			buildConfigurations = (
				A52264FD2586ADE300C801CA /* Debug */,
				A52264FE2586ADE300C801CA /* Release */,
			);
			defaultConfigurationIsVisible = 0;
			defaultConfigurationName = Release;
		};
/* End XCConfigurationList section */
	};
	rootObject = A52264E02586ADE000C801CA /* Project object */;
}
